
Microsoft Visual Studio Solution File, Format Version 12.00
# Visual Studio 15
VisualStudioVersion = 15.0.28307.572
MinimumVisualStudioVersion = 10.0.40219.1
Project("{2150E333-8FDC-42A3-9474-1A3956D46DE8}") = "MicroServiceMCQ", "MicroServiceMCQ", "{964D888F-935A-4B8E-AA25-FF2EA3EFE1C6}"
EndProject
Project("{2150E333-8FDC-42A3-9474-1A3956D46DE8}") = "Common", "Common", "{43206FC9-F4A8-480E-B1C0-F659AAB04D9C}"
EndProject
Project("{2150E333-8FDC-42A3-9474-1A3956D46DE8}") = "Core", "Core", "{48DFA4FB-37EE-4078-BEC3-419FC0818353}"
EndProject
Project("{2150E333-8FDC-42A3-9474-1A3956D46DE8}") = "Infrastructure", "Infrastructure", "{B563FE6E-D439-4114-9BE0-C62AA055FBBB}"
EndProject
Project("{2150E333-8FDC-42A3-9474-1A3956D46DE8}") = "Presentation", "Presentation", "{256D8A1D-5D8C-4122-A875-84CB23EA7D7C}"
EndProject
Project("{9A19103F-16F7-4668-BE54-9A1E7A4F7556}") = "MicroServiceMCQ.Common", "µMCQ.Common\MicroServiceMCQ.Common.csproj", "{3D898691-0DF2-4BAC-9FAB-5259D99562BE}"
EndProject
Project("{9A19103F-16F7-4668-BE54-9A1E7A4F7556}") = "MicroServiceMCQ.Domain", "µMCQ.Domain\MicroServiceMCQ.Domain.csproj", "{9B2E49BC-14EF-48A9-92B4-6853D8441D94}"
EndProject
Project("{9A19103F-16F7-4668-BE54-9A1E7A4F7556}") = "MicroServiceMCQ.Application", "µMCQ.Application\MicroServiceMCQ.Application.csproj", "{59D920A7-0FDF-4B8C-843A-15CD746FBEA1}"
EndProject
Project("{9A19103F-16F7-4668-BE54-9A1E7A4F7556}") = "MicroServiceMCQ.Infrastructure", "µMCQ.Infrastructure\MicroServiceMCQ.Infrastructure.csproj", "{A3F7053D-7BAD-4FF9-BDB0-1E16F5491AB9}"
EndProject
Project("{9A19103F-16F7-4668-BE54-9A1E7A4F7556}") = "MicroServiceMCQ.Persistance", "µMCQ.Persistance\MicroServiceMCQ.Persistance.csproj", "{EE6E256E-DDCD-475E-92DF-DC7A656FA957}"
EndProject
Project("{9A19103F-16F7-4668-BE54-9A1E7A4F7556}") = "MicroServiceMCQ.WebApi", "µMCQ.WebApi\MicroServiceMCQ.WebApi.csproj", "{F27321AF-6AAE-4325-8DEA-CE635696E0C1}"
EndProject
Global
	GlobalSection(SolutionConfigurationPlatforms) = preSolution
		Debug|Any CPU = Debug|Any CPU
		Release|Any CPU = Release|Any CPU
	EndGlobalSection
	GlobalSection(ProjectConfigurationPlatforms) = postSolution
		{3D898691-0DF2-4BAC-9FAB-5259D99562BE}.Debug|Any CPU.ActiveCfg = Debug|Any CPU
		{3D898691-0DF2-4BAC-9FAB-5259D99562BE}.Debug|Any CPU.Build.0 = Debug|Any CPU
		{3D898691-0DF2-4BAC-9FAB-5259D99562BE}.Release|Any CPU.ActiveCfg = Release|Any CPU
		{3D898691-0DF2-4BAC-9FAB-5259D99562BE}.Release|Any CPU.Build.0 = Release|Any CPU
		{9B2E49BC-14EF-48A9-92B4-6853D8441D94}.Debug|Any CPU.ActiveCfg = Debug|Any CPU
		{9B2E49BC-14EF-48A9-92B4-6853D8441D94}.Debug|Any CPU.Build.0 = Debug|Any CPU
		{9B2E49BC-14EF-48A9-92B4-6853D8441D94}.Release|Any CPU.ActiveCfg = Release|Any CPU
		{9B2E49BC-14EF-48A9-92B4-6853D8441D94}.Release|Any CPU.Build.0 = Release|Any CPU
		{59D920A7-0FDF-4B8C-843A-15CD746FBEA1}.Debug|Any CPU.ActiveCfg = Debug|Any CPU
		{59D920A7-0FDF-4B8C-843A-15CD746FBEA1}.Debug|Any CPU.Build.0 = Debug|Any CPU
		{59D920A7-0FDF-4B8C-843A-15CD746FBEA1}.Release|Any CPU.ActiveCfg = Release|Any CPU
		{59D920A7-0FDF-4B8C-843A-15CD746FBEA1}.Release|Any CPU.Build.0 = Release|Any CPU
		{A3F7053D-7BAD-4FF9-BDB0-1E16F5491AB9}.Debug|Any CPU.ActiveCfg = Debug|Any CPU
		{A3F7053D-7BAD-4FF9-BDB0-1E16F5491AB9}.Debug|Any CPU.Build.0 = Debug|Any CPU
		{A3F7053D-7BAD-4FF9-BDB0-1E16F5491AB9}.Release|Any CPU.ActiveCfg = Release|Any CPU
		{A3F7053D-7BAD-4FF9-BDB0-1E16F5491AB9}.Release|Any CPU.Build.0 = Release|Any CPU
		{EE6E256E-DDCD-475E-92DF-DC7A656FA957}.Debug|Any CPU.ActiveCfg = Debug|Any CPU
		{EE6E256E-DDCD-475E-92DF-DC7A656FA957}.Debug|Any CPU.Build.0 = Debug|Any CPU
		{EE6E256E-DDCD-475E-92DF-DC7A656FA957}.Release|Any CPU.ActiveCfg = Release|Any CPU
		{EE6E256E-DDCD-475E-92DF-DC7A656FA957}.Release|Any CPU.Build.0 = Release|Any CPU
		{F27321AF-6AAE-4325-8DEA-CE635696E0C1}.Debug|Any CPU.ActiveCfg = Debug|Any CPU
		{F27321AF-6AAE-4325-8DEA-CE635696E0C1}.Debug|Any CPU.Build.0 = Debug|Any CPU
		{F27321AF-6AAE-4325-8DEA-CE635696E0C1}.Release|Any CPU.ActiveCfg = Release|Any CPU
		{F27321AF-6AAE-4325-8DEA-CE635696E0C1}.Release|Any CPU.Build.0 = Release|Any CPU
	EndGlobalSection
	GlobalSection(SolutionProperties) = preSolution
		HideSolutionNode = FALSE
	EndGlobalSection
	GlobalSection(NestedProjects) = preSolution
		{43206FC9-F4A8-480E-B1C0-F659AAB04D9C} = {964D888F-935A-4B8E-AA25-FF2EA3EFE1C6}
		{48DFA4FB-37EE-4078-BEC3-419FC0818353} = {964D888F-935A-4B8E-AA25-FF2EA3EFE1C6}
		{B563FE6E-D439-4114-9BE0-C62AA055FBBB} = {964D888F-935A-4B8E-AA25-FF2EA3EFE1C6}
		{256D8A1D-5D8C-4122-A875-84CB23EA7D7C} = {964D888F-935A-4B8E-AA25-FF2EA3EFE1C6}
		{3D898691-0DF2-4BAC-9FAB-5259D99562BE} = {43206FC9-F4A8-480E-B1C0-F659AAB04D9C}
		{9B2E49BC-14EF-48A9-92B4-6853D8441D94} = {48DFA4FB-37EE-4078-BEC3-419FC0818353}
		{59D920A7-0FDF-4B8C-843A-15CD746FBEA1} = {48DFA4FB-37EE-4078-BEC3-419FC0818353}
		{A3F7053D-7BAD-4FF9-BDB0-1E16F5491AB9} = {B563FE6E-D439-4114-9BE0-C62AA055FBBB}
		{EE6E256E-DDCD-475E-92DF-DC7A656FA957} = {B563FE6E-D439-4114-9BE0-C62AA055FBBB}
		{F27321AF-6AAE-4325-8DEA-CE635696E0C1} = {256D8A1D-5D8C-4122-A875-84CB23EA7D7C}
	EndGlobalSection
	GlobalSection(ExtensibilityGlobals) = postSolution
		SolutionGuid = {65B21308-33A9-41F5-AB66-D5A775F504D8}
	EndGlobalSection
EndGlobal
